
Microsoft Visual Studio Solution File, Format Version 12.00
# Visual Studio Version 16
VisualStudioVersion = 16.0.33423.256
MinimumVisualStudioVersion = 10.0.40219.1
Project("{FAE04EC0-301F-11D3-BF4B-00C04F79EFBC}") = "ForksnSpoons", "ForksnSpoons.csproj", "{FF53FFE2-561E-4B2A-821E-33FA57F9596C}"
EndProject
Global
	GlobalSection(SolutionConfigurationPlatforms) = preSolution
		Debug|Any CPU = Debug|Any CPU
		Release|Any CPU = Release|Any CPU
	EndGlobalSection
	GlobalSection(ProjectConfigurationPlatforms) = postSolution
		{FF53FFE2-561E-4B2A-821E-33FA57F9596C}.Debug|Any CPU.ActiveCfg = Debug|Any CPU
		{FF53FFE2-561E-4B2A-821E-33FA57F9596C}.Debug|Any CPU.Build.0 = Debug|Any CPU
		{FF53FFE2-561E-4B2A-821E-33FA57F9596C}.Release|Any CPU.ActiveCfg = Release|Any CPU
		{FF53FFE2-561E-4B2A-821E-33FA57F9596C}.Release|Any CPU.Build.0 = Release|Any CPU
	EndGlobalSection
	GlobalSection(SolutionProperties) = preSolution
		HideSolutionNode = FALSE
	EndGlobalSection
	GlobalSection(ExtensibilityGlobals) = postSolution
		SolutionGuid = {C1D3E3C7-0A7D-4967-B929-CF31FD6F2CAD}
	EndGlobalSection
EndGlobal
